{
  "nodes": {
    "home-manager": {
      "inputs": {
        "nixpkgs": [
          "nixpkgs"
        ]
      },
      "locked": {
        "lastModified": 1705347059,
        "narHash": "sha256-MSdJZDeyBIjf1SAZ7OvA44b00zUGTrDxkAm9vVR+XRk=",
        "owner": "nix-community",
        "repo": "home-manager",
        "rev": "8c3b2a0cab64a464de9e41a470eecf1318ccff57",
        "type": "github"
      },
      "original": {
        "owner": "nix-community",
        "repo": "home-manager",
        "type": "github"
      }
    },
    "nixpkgs": {
      "locked": {
        "lastModified": 1705133751,
        "narHash": "sha256-rCIsyE80jgiOU78gCWN3A0wE0tR2GI5nH6MlS+HaaSQ=",
        "owner": "nixos",
        "repo": "nixpkgs",
        "rev": "9b19f5e77dd906cb52dade0b7bd280339d2a1f3d",
        "type": "github"
      },
      "original": {
        "owner": "nixos",
        "ref": "nixos-unstable",
        "repo": "nixpkgs",
        "type": "github"
      }
    },
    "nur": {
      "locked": {
        "lastModified": 1705374852,
        "narHash": "sha256-8YQwz9Rwc43HRI8YrBKw1/IV3XGKo5LaW0Dcmtt5KTI=",
        "owner": "nix-community",
        "repo": "NUR",
        "rev": "2cd3bd2d5367983339ffa40175be1c44f8042e27",
        "type": "github"
      },
      "original": {
        "owner": "nix-community",
        "repo": "NUR",
        "type": "github"
      }
    },
    "root": {
      "inputs": {
        "home-manager": "home-manager",
        "nixpkgs": "nixpkgs",
        "nur": "nur"
      }
    }
  },
  "root": "root",
  "version": 7
}
